
Microsoft Visual Studio Solution File, Format Version 12.00
# Visual Studio Version 17
VisualStudioVersion = 17.10.34928.147
MinimumVisualStudioVersion = 10.0.40219.1
Project("{9A19103F-16F7-4668-BE54-9A1E7A4F7556}") = "LiaisonTechInterview", "LiaisonTechInterview\LiaisonTechInterview.csproj", "{BBED4F9F-D599-434C-B0DE-C70AEC43906A}"
EndProject
Project("{FAE04EC0-301F-11D3-BF4B-00C04F79EFBC}") = "Data", "Data\Data.csproj", "{7AF59B65-69DB-4AAE-B74E-53154FCF9CA4}"
EndProject
Global
	GlobalSection(SolutionConfigurationPlatforms) = preSolution
		Debug|Any CPU = Debug|Any CPU
		Release|Any CPU = Release|Any CPU
	EndGlobalSection
	GlobalSection(ProjectConfigurationPlatforms) = postSolution
		{BBED4F9F-D599-434C-B0DE-C70AEC43906A}.Debug|Any CPU.ActiveCfg = Debug|Any CPU
		{BBED4F9F-D599-434C-B0DE-C70AEC43906A}.Debug|Any CPU.Build.0 = Debug|Any CPU
		{BBED4F9F-D599-434C-B0DE-C70AEC43906A}.Release|Any CPU.ActiveCfg = Release|Any CPU
		{BBED4F9F-D599-434C-B0DE-C70AEC43906A}.Release|Any CPU.Build.0 = Release|Any CPU
		{7AF59B65-69DB-4AAE-B74E-53154FCF9CA4}.Debug|Any CPU.ActiveCfg = Debug|Any CPU
		{7AF59B65-69DB-4AAE-B74E-53154FCF9CA4}.Debug|Any CPU.Build.0 = Debug|Any CPU
		{7AF59B65-69DB-4AAE-B74E-53154FCF9CA4}.Release|Any CPU.ActiveCfg = Release|Any CPU
		{7AF59B65-69DB-4AAE-B74E-53154FCF9CA4}.Release|Any CPU.Build.0 = Release|Any CPU
	EndGlobalSection
	GlobalSection(SolutionProperties) = preSolution
		HideSolutionNode = FALSE
	EndGlobalSection
	GlobalSection(ExtensibilityGlobals) = postSolution
		SolutionGuid = {D729A000-1236-4267-80F0-C9926AA916B4}
	EndGlobalSection
EndGlobal
